
Microsoft Visual Studio Solution File, Format Version 12.00
# Visual Studio 14
VisualStudioVersion = 14.0.24720.0
MinimumVisualStudioVersion = 10.0.40219.1
Project("{FAE04EC0-301F-11D3-BF4B-00C04F79EFBC}") = "OptimizeDataCenter", "OptimizeDataCenter\OptimizeDataCenter.csproj", "{11130EB2-FD32-45F2-8BEE-26446C56BB19}"
EndProject
Project("{FAE04EC0-301F-11D3-BF4B-00C04F79EFBC}") = "OptimizeDataCenter.Tests", "OptimizeDataCenter.Tests\OptimizeDataCenter.Tests.csproj", "{E2E3ED79-09F2-4225-8880-40E5B9F54B81}"
EndProject
Global
	GlobalSection(SolutionConfigurationPlatforms) = preSolution
		Debug|Any CPU = Debug|Any CPU
		Release|Any CPU = Release|Any CPU
	EndGlobalSection
	GlobalSection(ProjectConfigurationPlatforms) = postSolution
		{11130EB2-FD32-45F2-8BEE-26446C56BB19}.Debug|Any CPU.ActiveCfg = Debug|Any CPU
		{11130EB2-FD32-45F2-8BEE-26446C56BB19}.Debug|Any CPU.Build.0 = Debug|Any CPU
		{11130EB2-FD32-45F2-8BEE-26446C56BB19}.Release|Any CPU.ActiveCfg = Release|Any CPU
		{11130EB2-FD32-45F2-8BEE-26446C56BB19}.Release|Any CPU.Build.0 = Release|Any CPU
		{E2E3ED79-09F2-4225-8880-40E5B9F54B81}.Debug|Any CPU.ActiveCfg = Debug|Any CPU
		{E2E3ED79-09F2-4225-8880-40E5B9F54B81}.Debug|Any CPU.Build.0 = Debug|Any CPU
		{E2E3ED79-09F2-4225-8880-40E5B9F54B81}.Release|Any CPU.ActiveCfg = Release|Any CPU
		{E2E3ED79-09F2-4225-8880-40E5B9F54B81}.Release|Any CPU.Build.0 = Release|Any CPU
	EndGlobalSection
	GlobalSection(SolutionProperties) = preSolution
		HideSolutionNode = FALSE
	EndGlobalSection
EndGlobal
